
Microsoft Visual Studio Solution File, Format Version 12.00
# Visual Studio Version 17
VisualStudioVersion = 17.1.32210.238
MinimumVisualStudioVersion = 10.0.40219.1
Project("{8BC9CEB8-8B4A-11D0-8D11-00A0C91BC942}") = "마지막 임상실험 및 난이도 조정", "마지막 임상실험 및 난이도 조정\마지막 임상실험 및 난이도 조정.vcxproj", "{293C6008-4FDD-4DD6-8873-589035366908}"
EndProject
Global
	GlobalSection(SolutionConfigurationPlatforms) = preSolution
		Debug|x64 = Debug|x64
		Debug|x86 = Debug|x86
		Release|x64 = Release|x64
		Release|x86 = Release|x86
	EndGlobalSection
	GlobalSection(ProjectConfigurationPlatforms) = postSolution
		{293C6008-4FDD-4DD6-8873-589035366908}.Debug|x64.ActiveCfg = Debug|x64
		{293C6008-4FDD-4DD6-8873-589035366908}.Debug|x64.Build.0 = Debug|x64
		{293C6008-4FDD-4DD6-8873-589035366908}.Debug|x86.ActiveCfg = Debug|Win32
		{293C6008-4FDD-4DD6-8873-589035366908}.Debug|x86.Build.0 = Debug|Win32
		{293C6008-4FDD-4DD6-8873-589035366908}.Release|x64.ActiveCfg = Release|x64
		{293C6008-4FDD-4DD6-8873-589035366908}.Release|x64.Build.0 = Release|x64
		{293C6008-4FDD-4DD6-8873-589035366908}.Release|x86.ActiveCfg = Release|Win32
		{293C6008-4FDD-4DD6-8873-589035366908}.Release|x86.Build.0 = Release|Win32
	EndGlobalSection
	GlobalSection(SolutionProperties) = preSolution
		HideSolutionNode = FALSE
	EndGlobalSection
	GlobalSection(ExtensibilityGlobals) = postSolution
		SolutionGuid = {DBF08542-D6BB-4752-9EF3-575A8F82936F}
	EndGlobalSection
EndGlobal
